Microsoft Visual Studio Solution File, Format Version 11.00
# Visual Studio 2008

Project("{3CCC4FBF-B3B8-BAD4-E01B-276AFD27F728}") = "ld48-27", "Assembly-CSharp-firstpass.csproj", "{BBCD8F1B-0620-11BD-5E64-2A6E5DCBF133}"
EndProject
Project("{3CCC4FBF-B3B8-BAD4-E01B-276AFD27F728}") = "ld48-27", "Assembly-CSharp.csproj", "{D78A3455-359F-FFC7-D5C7-694261F37BBE}"
EndProject
Project("{3CCC4FBF-B3B8-BAD4-E01B-276AFD27F728}") = "ld48-27", "Assembly-UnityScript-firstpass.unityproj", "{45838611-6D51-0B05-57E5-8E8078500936}"
EndProject
Global
	GlobalSection(SolutionConfigurationPlatforms) = preSolution
		Debug|Any CPU = Debug|Any CPU
		Release|Any CPU = Release|Any CPU
	EndGlobalSection
	GlobalSection(ProjectConfigurationPlatforms) = postSolution
		{BBCD8F1B-0620-11BD-5E64-2A6E5DCBF133}.Debug|Any CPU.ActiveCfg = Debug|Any CPU
		{BBCD8F1B-0620-11BD-5E64-2A6E5DCBF133}.Debug|Any CPU.Build.0 = Debug|Any CPU
		{BBCD8F1B-0620-11BD-5E64-2A6E5DCBF133}.Release|Any CPU.ActiveCfg = Release|Any CPU
		{BBCD8F1B-0620-11BD-5E64-2A6E5DCBF133}.Release|Any CPU.Build.0 = Release|Any CPU
		{D78A3455-359F-FFC7-D5C7-694261F37BBE}.Debug|Any CPU.ActiveCfg = Debug|Any CPU
		{D78A3455-359F-FFC7-D5C7-694261F37BBE}.Debug|Any CPU.Build.0 = Debug|Any CPU
		{D78A3455-359F-FFC7-D5C7-694261F37BBE}.Release|Any CPU.ActiveCfg = Release|Any CPU
		{D78A3455-359F-FFC7-D5C7-694261F37BBE}.Release|Any CPU.Build.0 = Release|Any CPU
		{45838611-6D51-0B05-57E5-8E8078500936}.Debug|Any CPU.ActiveCfg = Debug|Any CPU
		{45838611-6D51-0B05-57E5-8E8078500936}.Debug|Any CPU.Build.0 = Debug|Any CPU
		{45838611-6D51-0B05-57E5-8E8078500936}.Release|Any CPU.ActiveCfg = Release|Any CPU
		{45838611-6D51-0B05-57E5-8E8078500936}.Release|Any CPU.Build.0 = Release|Any CPU
	EndGlobalSection
	GlobalSection(SolutionProperties) = preSolution
		HideSolutionNode = FALSE
	EndGlobalSection
																																											GlobalSection(MonoDevelopProperties) = preSolution
		StartupItem = Assembly-CSharp.csproj
		Policies = $0
		$0.TextStylePolicy = $1
		$1.inheritsSet = null
		$1.scope = text/x-csharp
		$0.CSharpFormattingPolicy = $2
		$2.inheritsSet = Mono
		$2.inheritsScope = text/x-csharp
		$2.scope = text/x-csharp
		$0.TextStylePolicy = $3
		$3.FileWidth = 120
		$3.TabWidth = 4
		$3.EolMarker = Unix
		$3.inheritsSet = Mono
		$3.inheritsScope = text/plain
		$3.scope = text/plain
	EndGlobalSection

EndGlobal
